# This file is generated by running "yarn install" inside your project.
# Manual changes might be lost - proceed with caution!

__metadata:
  version: 5
  cacheKey: 8

"@sapphire/prettier-config@npm:^1.2.7":
  version: 1.2.7
  resolution: "@sapphire/prettier-config@npm:1.2.7"
  dependencies:
    prettier: ^2.5.1
  checksum: 4b3f048c10001df84b07c78d82597f1771506cc99bc4a272614db0cf20ccf384fdb6c15b3b705acd5d7765466e808bcb6b9741a88be361b1cb6d14bee9f2953e
  languageName: node
  linkType: hard

"@sapphire/ts-config@npm:^3.1.6":
  version: 3.1.6
  resolution: "@sapphire/ts-config@npm:3.1.6"
  dependencies:
    tslib: ^2.3.1
    typescript: ^4.5.2
  checksum: 820e4f86b52b2eb4c125a4a15209ae45221cf4b8bb1b50aa2ca2e544bf4653998f4b57c486851b93fea8a3b1100c33fde3461d02a362c32949aefe1f4f064ecc
  languageName: node
  linkType: hard

"@types/node@npm:^17.0.8":
  version: 17.0.8
  resolution: "@types/node@npm:17.0.8"
  checksum: f4cadeb9e602027520abc88c77142697e33cf6ac98bb02f8b595a398603cbd33df1f94d01c055c9f13cde0c8eaafc5e396ca72645458d42b4318b845bc7f1d0f
  languageName: node
  linkType: hard

"assert@npm:^1.4.1":
  version: 1.5.0
  resolution: "assert@npm:1.5.0"
  dependencies:
    object-assign: ^4.1.1
    util: 0.10.3
  checksum: 9be48435f726029ae7020c5888a3566bf4d617687aab280827f2e4029644b6515a9519ea10d018b342147c02faf73d9e9419e780e8937b3786ee4945a0ca71e5
  languageName: node
  linkType: hard

"centra@npm:^2.4.2":
  version: 2.5.0
  resolution: "centra@npm:2.5.0"
  checksum: f3c66d372a886cd2311bc6b25a4ba4e354170928161bba0bc0995d9697e65b93bc7de115f85c4b8202f8d556f629434531ef2326ce36f222a4e6dde86e36fc75
  languageName: node
  linkType: hard

"gen-esm-wrapper@npm:^1.1.3":
  version: 1.1.3
  resolution: "gen-esm-wrapper@npm:1.1.3"
  dependencies:
    is-valid-identifier: ^2.0.2
  bin:
    gen-esm-wrapper: gen-esm-wrapper.js
  checksum: 600abe05141d3a3d71af3bd65a1967c7fd09bd7c60d487dca5c30b2af0f58b40580990d34cfa3ac1dffd78463d895912a100bac4ea6e8cb2ee4461bbafa67011
  languageName: node
  linkType: hard

"inherits@npm:2.0.1":
  version: 2.0.1
  resolution: "inherits@npm:2.0.1"
  checksum: 6536b9377296d4ce8ee89c5c543cb75030934e61af42dba98a428e7d026938c5985ea4d1e3b87743a5b834f40ed1187f89c2d7479e9d59e41d2d1051aefba07b
  languageName: node
  linkType: hard

"is-valid-identifier@npm:^2.0.2":
  version: 2.0.2
  resolution: "is-valid-identifier@npm:2.0.2"
  dependencies:
    assert: ^1.4.1
  checksum: 79e5237998621f09b76582d8ef6928eb4cc96e78795d317aa1ea260aa5d22d4dae3c5baa519414f8e9a4833ee948e3bf0bd98496802f492c30640d672b528117
  languageName: node
  linkType: hard

"object-assign@npm:^4.1.1":
  version: 4.1.1
  resolution: "object-assign@npm:4.1.1"
  checksum: fcc6e4ea8c7fe48abfbb552578b1c53e0d194086e2e6bbbf59e0a536381a292f39943c6e9628af05b5528aa5e3318bb30d6b2e53cadaf5b8fe9e12c4b69af23f
  languageName: node
  linkType: hard

"phin@npm:^3.6.1":
  version: 3.6.1
  resolution: "phin@npm:3.6.1"
  dependencies:
    centra: ^2.4.2
  checksum: 17fbddfec9d6f1359460fa6f7f33db9e4d5380bda1bd2745e75810b92e53fd3c5713086c951683a8c8b6526aaa172b031b2858b1c66c3a120a06963ffe26136e
  languageName: node
  linkType: hard

"phisherman.gg@workspace:.":
  version: 0.0.0-use.local
  resolution: "phisherman.gg@workspace:."
  dependencies:
    "@sapphire/prettier-config": ^1.2.7
    "@sapphire/ts-config": ^3.1.6
    "@types/node": ^17.0.8
    gen-esm-wrapper: ^1.1.3
    phin: ^3.6.1
  languageName: unknown
  linkType: soft

"prettier@npm:^2.5.1":
  version: 2.5.1
  resolution: "prettier@npm:2.5.1"
  bin:
    prettier: bin-prettier.js
  checksum: 21b9408476ea1c544b0e45d51ceb94a84789ff92095abb710942d780c862d0daebdb29972d47f6b4d0f7ebbfb0ffbf56cc2cfa3e3e9d1cca54864af185b15b66
  languageName: node
  linkType: hard

"tslib@npm:^2.3.1":
  version: 2.3.1
  resolution: "tslib@npm:2.3.1"
  checksum: de17a98d4614481f7fcb5cd53ffc1aaf8654313be0291e1bfaee4b4bb31a20494b7d218ff2e15017883e8ea9626599b3b0e0229c18383ba9dce89da2adf15cb9
  languageName: node
  linkType: hard

"typescript@npm:^4.5.2":
  version: 4.5.4
  resolution: "typescript@npm:4.5.4"
  bin:
    tsc: bin/tsc
    tsserver: bin/tsserver
  checksum: 59f3243f9cd6fe3161e6150ff6bf795fc843b4234a655dbd938a310515e0d61afd1ac942799e7415e4334255e41c2c49b7dd5d9fd38a17acd25a6779ca7e0961
  languageName: node
  linkType: hard

"typescript@patch:typescript@^4.5.2#~builtin<compat/typescript>":
  version: 4.5.4
  resolution: "typescript@patch:typescript@npm%3A4.5.4#~builtin<compat/typescript>::version=4.5.4&hash=493e53"
  bin:
    tsc: bin/tsc
    tsserver: bin/tsserver
  checksum: 2e488dde7d2c4a2fa2e79cf2470600f8ce81bc0563c276b72df8ff412d74456ae532ba824650ae936ce207440c79720ddcfaa25e3cb4477572b8534fa4e34d49
  languageName: node
  linkType: hard

"util@npm:0.10.3":
  version: 0.10.3
  resolution: "util@npm:0.10.3"
  dependencies:
    inherits: 2.0.1
  checksum: bd800f5d237a82caddb61723a6cbe45297d25dd258651a31335a4d5d981fd033cb4771f82db3d5d59b582b187cb69cfe727dc6f4d8d7826f686ee6c07ce611e0
  languageName: node
  linkType: hard
